
Microsoft Visual Studio Solution File, Format Version 12.00
# Visual Studio Version 16
VisualStudioVersion = 16.0.29613.14
MinimumVisualStudioVersion = 10.0.40219.1
Project("{FAE04EC0-301F-11D3-BF4B-00C04F79EFBC}") = "bug_tracker", "bug_tracker.csproj", "{0A9363C6-E2FF-4480-831C-9243E402B69E}"
EndProject
Global
	GlobalSection(SolutionConfigurationPlatforms) = preSolution
		Debug|Any CPU = Debug|Any CPU
		Release|Any CPU = Release|Any CPU
	EndGlobalSection
	GlobalSection(ProjectConfigurationPlatforms) = postSolution
		{0A9363C6-E2FF-4480-831C-9243E402B69E}.Debug|Any CPU.ActiveCfg = Debug|Any CPU
		{0A9363C6-E2FF-4480-831C-9243E402B69E}.Debug|Any CPU.Build.0 = Debug|Any CPU
		{0A9363C6-E2FF-4480-831C-9243E402B69E}.Release|Any CPU.ActiveCfg = Release|Any CPU
		{0A9363C6-E2FF-4480-831C-9243E402B69E}.Release|Any CPU.Build.0 = Release|Any CPU
	EndGlobalSection
	GlobalSection(SolutionProperties) = preSolution
		HideSolutionNode = FALSE
	EndGlobalSection
	GlobalSection(ExtensibilityGlobals) = postSolution
		SolutionGuid = {8D7A5D72-A8E4-4721-AA8D-DDBF79EBE220}
	EndGlobalSection
EndGlobal
